
Microsoft Visual Studio Solution File, Format Version 12.00
# Visual Studio Version 16
VisualStudioVersion = 16.0.31613.86
MinimumVisualStudioVersion = 10.0.40219.1
Project("{FAE04EC0-301F-11D3-BF4B-00C04F79EFBC}") = "ReservaAH", "ReservaAH\ReservaAH.csproj", "{7B2B1867-C6D3-4898-8571-13A7CA3BA8DF}"
EndProject
Global
	GlobalSection(SolutionConfigurationPlatforms) = preSolution
		Debug|Any CPU = Debug|Any CPU
		Release|Any CPU = Release|Any CPU
	EndGlobalSection
	GlobalSection(ProjectConfigurationPlatforms) = postSolution
		{7B2B1867-C6D3-4898-8571-13A7CA3BA8DF}.Debug|Any CPU.ActiveCfg = Debug|Any CPU
		{7B2B1867-C6D3-4898-8571-13A7CA3BA8DF}.Debug|Any CPU.Build.0 = Debug|Any CPU
		{7B2B1867-C6D3-4898-8571-13A7CA3BA8DF}.Release|Any CPU.ActiveCfg = Release|Any CPU
		{7B2B1867-C6D3-4898-8571-13A7CA3BA8DF}.Release|Any CPU.Build.0 = Release|Any CPU
	EndGlobalSection
	GlobalSection(SolutionProperties) = preSolution
		HideSolutionNode = FALSE
	EndGlobalSection
	GlobalSection(ExtensibilityGlobals) = postSolution
		SolutionGuid = {0AE348B2-3803-43BC-917F-311B0D1F561A}
	EndGlobalSection
EndGlobal
